{
  "originHash" : "d987b5e27f8fa5177a889ee0326d513cc75797f11c5470fe6d855b2026723d09",
  "pins" : [
    {
      "identity" : "client-sdk-swift",
      "kind" : "remoteSourceControl",
      "location" : "https://github.com/livekit/client-sdk-swift",
      "state" : {
        "revision" : "77b00169920283acd795e46c659ceefc9e4a666e",
        "version" : "2.7.1"
      }
    },
    {
      "identity" : "components-swift",
      "kind" : "remoteSourceControl",
      "location" : "https://github.com/livekit/components-swift",
      "state" : {
        "revision" : "f756f3696f4a9b208430e0e239ee7b7b337222ce",
        "version" : "0.1.5"
      }
    },
    {
      "identity" : "swift-collections",
      "kind" : "remoteSourceControl",
      "location" : "https://github.com/apple/swift-collections",
      "state" : {
        "revision" : "8c0c0a8b49e080e54e5e328cc552821ff07cd341",
        "version" : "1.2.1"
      }
    },
    {
      "identity" : "swift-log",
      "kind" : "remoteSourceControl",
      "location" : "https://github.com/apple/swift-log.git",
      "state" : {
        "revision" : "ce592ae52f982c847a4efc0dd881cc9eb32d29f2",
        "version" : "1.6.4"
      }
    },
    {
      "identity" : "swift-protobuf",
      "kind" : "remoteSourceControl",
      "location" : "https://github.com/apple/swift-protobuf.git",
      "state" : {
        "revision" : "e3f69fd321d0c9fcdc16fb576a0cdd956675face",
        "version" : "1.31.0"
      }
    },
    {
      "identity" : "webrtc-xcframework",
      "kind" : "remoteSourceControl",
      "location" : "https://github.com/livekit/webrtc-xcframework.git",
      "state" : {
        "revision" : "609aa5e7dd818ba85eb483153b572fd698785a40",
        "version" : "137.7151.4"
      }
    }
  ],
  "version" : 3
}
